# THIS IS AN AUTOGENERATED FILE. DO NOT EDIT THIS FILE DIRECTLY.
# yarn lockfile v1


"@blueprintjs/core@^1.39.0":
  version "1.40.0"
  resolved "https://artifactory.palantir.build/artifactory/api/npm/all-npm/@blueprintjs/core/-/core-1.40.0.tgz#72db1bc2f161d34b7f4ab270bd84979b25f703ca"
  integrity sha1-ctsbwvFh00t/SrJwvYSXmyX3A8o=
  dependencies:
    "@types/dom4" "^1.5.20"
    "@types/tether" "^1.1.27"
    classnames "^2.2"
    dom4 "^1.8"
    normalize.css "4.1.1"
    pure-render-decorator "^1.1"
    tether "^1.4"
    tslib "^1.5.0"

"@types/dom4@^1.5.20":
  version "1.5.20"
  resolved "https://artifactory.palantir.build/artifactory/api/npm/all-npm/@types/dom4/-/dom4-1.5.20.tgz#ccf636d3b794fe65a4191ebc7ff979a78efea6c2"
  integrity sha1-zPY207eU/mWkGR68f/l5p47+psI=

"@types/prop-types@*":
  version "15.7.3"
  resolved "https://artifactory.palantir.build/artifactory/api/npm/all-npm/@types/prop-types/-/prop-types-15.7.3.tgz#2ab0d5da2e5815f94b0b9d4b95d1e5f243ab2ca7"
  integrity sha1-KrDV2i5YFflLC51LldHl8kOrLKc=

"@types/react-dom@^16.9.10":
  version "16.9.10"
  resolved "https://artifactory.palantir.build/artifactory/api/npm/all-npm/@types/react-dom/-/react-dom-16.9.10.tgz#4485b0bec3d41f856181b717f45fd7831101156f"
  integrity sha1-RIWwvsPUH4VhgbcX9F/XgxEBFW8=
  dependencies:
    "@types/react" "^16"

"@types/react@^16", "@types/react@^16.14.0":
  version "16.14.2"
  resolved "https://artifactory.palantir.build/artifactory/api/npm/all-npm/@types/react/-/react-16.14.2.tgz#85dcc0947d0645349923c04ccef6018a1ab7538c"
  integrity sha1-hdzAlH0GRTSZI8BMzvYBihq3U4w=
  dependencies:
    "@types/prop-types" "*"
    csstype "^3.0.2"

"@types/tether@^1.1.27":
  version "1.4.5"
  resolved "https://artifactory.palantir.build/artifactory/api/npm/all-npm/@types/tether/-/tether-1.4.5.tgz#adc4ce165555fa82124b4d5391b122551e288c21"
  integrity sha1-rcTOFlVV+oISS01TkbEiVR4ojCE=

asap@~2.0.3:
  version "2.0.6"
  resolved "https://artifactory.palantir.build/artifactory/api/npm/all-npm/asap/-/asap-2.0.6.tgz#e50347611d7e690943208bbdafebcbc2fb866d46"
  integrity sha1-5QNHYR1+aQlDIIu9r+vLwvuGbUY=

classnames@^2.2:
  version "2.2.6"
  resolved "https://artifactory.palantir.build/artifactory/api/npm/all-npm/classnames/-/classnames-2.2.6.tgz#43935bffdd291f326dad0a205309b38d00f650ce"
  integrity sha1-Q5Nb/90pHzJtrQogUwmzjQD2UM4=

core-js@^1.0.0:
  version "1.2.7"
  resolved "https://artifactory.palantir.build/artifactory/api/npm/all-npm/core-js/-/core-js-1.2.7.tgz#652294c14651db28fa93bd2d5ff2983a4f08c636"
  integrity sha1-ZSKUwUZR2yj6k70tX/KYOk8IxjY=

csstype@^3.0.2:
  version "3.0.5"
  resolved "https://artifactory.palantir.build/artifactory/api/npm/all-npm/csstype/-/csstype-3.0.5.tgz#7fdec6a28a67ae18647c51668a9ff95bb2fa7bb8"
  integrity sha1-f97GoopnrhhkfFFmip/5W7L6e7g=

dom4@^1.8:
  version "1.8.5"
  resolved "https://artifactory.palantir.build/artifactory/api/npm/all-npm/dom4/-/dom4-1.8.5.tgz#4de3a2e59af45b2af8b30bc595713ecae5037037"
  integrity sha1-TeOi5Zr0Wyr4swvFlXE+yuUDcDc=

encoding@^0.1.11:
  version "0.1.13"
  resolved "https://artifactory.palantir.build/artifactory/api/npm/all-npm/encoding/-/encoding-0.1.13.tgz#56574afdd791f54a8e9b2785c0582a2d26210fa9"
  integrity sha1-VldK/deR9UqOmyeFwFgqLSYhD6k=
  dependencies:
    iconv-lite "^0.6.2"

fbjs@^0.8.0:
  version "0.8.17"
  resolved "https://artifactory.palantir.build/artifactory/api/npm/all-npm/fbjs/-/fbjs-0.8.17.tgz#c4d598ead6949112653d6588b01a5cdcd9f90fdd"
  integrity sha1-xNWY6taUkRJlPWWIsBpc3Nn5D90=
  dependencies:
    core-js "^1.0.0"
    isomorphic-fetch "^2.1.1"
    loose-envify "^1.0.0"
    object-assign "^4.1.0"
    promise "^7.1.1"
    setimmediate "^1.0.5"
    ua-parser-js "^0.7.18"

iconv-lite@^0.6.2:
  version "0.6.2"
  resolved "https://artifactory.palantir.build/artifactory/api/npm/all-npm/iconv-lite/-/iconv-lite-0.6.2.tgz#ce13d1875b0c3a674bd6a04b7f76b01b1b6ded01"
  integrity sha1-zhPRh1sMOmdL1qBLf3awGxtt7QE=
  dependencies:
    safer-buffer ">= 2.1.2 < 3.0.0"

is-stream@^1.0.1:
  version "1.1.0"
  resolved "https://artifactory.palantir.build/artifactory/api/npm/all-npm/is-stream/-/is-stream-1.1.0.tgz#12d4a3dd4e68e0b79ceb8dbc84173ae80d91ca44"
  integrity sha1-EtSj3U5o4Lec6428hBc66A2RykQ=

isomorphic-fetch@^2.1.1:
  version "2.2.1"
  resolved "https://artifactory.palantir.build/artifactory/api/npm/all-npm/isomorphic-fetch/-/isomorphic-fetch-2.2.1.tgz#611ae1acf14f5e81f729507472819fe9733558a9"
  integrity sha1-YRrhrPFPXoH3KVB0coGf6XM1WKk=
  dependencies:
    node-fetch "^1.0.1"
    whatwg-fetch ">=0.10.0"

"js-tokens@^3.0.0 || ^4.0.0":
  version "4.0.0"
  resolved "https://artifactory.palantir.build/artifactory/api/npm/all-npm/js-tokens/-/js-tokens-4.0.0.tgz#19203fb59991df98e3a287050d4647cdeaf32499"
  integrity sha1-GSA/tZmR35jjoocFDUZHzerzJJk=

loose-envify@^1.0.0, loose-envify@^1.1.0, loose-envify@^1.4.0:
  version "1.4.0"
  resolved "https://artifactory.palantir.build/artifactory/api/npm/all-npm/loose-envify/-/loose-envify-1.4.0.tgz#71ee51fa7be4caec1a63839f7e682d8132d30caf"
  integrity sha1-ce5R+nvkyuwaY4OffmgtgTLTDK8=
  dependencies:
    js-tokens "^3.0.0 || ^4.0.0"

node-fetch@^1.0.1:
  version "1.7.3"
  resolved "https://artifactory.palantir.build/artifactory/api/npm/all-npm/node-fetch/-/node-fetch-1.7.3.tgz#980f6f72d85211a5347c6b2bc18c5b84c3eb47ef"
  integrity sha1-mA9vcthSEaU0fGsrwYxbhMPrR+8=
  dependencies:
    encoding "^0.1.11"
    is-stream "^1.0.1"

normalize.css@4.1.1:
  version "4.1.1"
  resolved "https://artifactory.palantir.build/artifactory/api/npm/all-npm/normalize.css/-/normalize.css-4.1.1.tgz#4f0b1d5a235383252b04d8566b866cc5fcad9f0c"
  integrity sha1-TwsdWiNTgyUrBNhWa4Zsxfytnww=

object-assign@^4.1.0, object-assign@^4.1.1:
  version "4.1.1"
  resolved "https://artifactory.palantir.build/artifactory/api/npm/all-npm/object-assign/-/object-assign-4.1.1.tgz#2109adc7965887cfc05cbbd442cac8bfbb360863"
  integrity sha1-IQmtx5ZYh8/AXLvUQsrIv7s2CGM=

promise@^7.1.1:
  version "7.3.1"
  resolved "https://artifactory.palantir.build/artifactory/api/npm/all-npm/promise/-/promise-7.3.1.tgz#064b72602b18f90f29192b8b1bc418ffd1ebd3bf"
  integrity sha1-BktyYCsY+Q8pGSuLG8QY/9Hr078=
  dependencies:
    asap "~2.0.3"

prop-types@^15.6.2:
  version "15.7.2"
  resolved "https://artifactory.palantir.build/artifactory/api/npm/all-npm/prop-types/-/prop-types-15.7.2.tgz#52c41e75b8c87e72b9d9360e0206b99dcbffa6c5"
  integrity sha1-UsQedbjIfnK52TYOAga5ncv/psU=
  dependencies:
    loose-envify "^1.4.0"
    object-assign "^4.1.1"
    react-is "^16.8.1"

pure-render-decorator@^1.1:
  version "1.2.1"
  resolved "https://artifactory.palantir.build/artifactory/api/npm/all-npm/pure-render-decorator/-/pure-render-decorator-1.2.1.tgz#568870eeca17a1cee536b4fe94a3477fcd31eeb9"
  integrity sha1-Vohw7soXoc7lNrT+lKNHf80x7rk=
  dependencies:
    fbjs "^0.8.0"

react-dom@^16.14.0:
  version "16.14.0"
  resolved "https://artifactory.palantir.build/artifactory/api/npm/all-npm/react-dom/-/react-dom-16.14.0.tgz#7ad838ec29a777fb3c75c3a190f661cf92ab8b89"
  integrity sha1-etg47Cmnd/s8dcOhkPZhz5Kri4k=
  dependencies:
    loose-envify "^1.1.0"
    object-assign "^4.1.1"
    prop-types "^15.6.2"
    scheduler "^0.19.1"

react-is@^16.8.1:
  version "16.13.1"
  resolved "https://artifactory.palantir.build/artifactory/api/npm/all-npm/react-is/-/react-is-16.13.1.tgz#789729a4dc36de2999dc156dd6c1d9c18cea56a4"
  integrity sha1-eJcppNw23imZ3BVt1sHZwYzqVqQ=

react@^16.14.0:
  version "16.14.0"
  resolved "https://artifactory.palantir.build/artifactory/api/npm/all-npm/react/-/react-16.14.0.tgz#94d776ddd0aaa37da3eda8fc5b6b18a4c9a3114d"
  integrity sha1-lNd23dCqo32j7aj8W2sYpMmjEU0=
  dependencies:
    loose-envify "^1.1.0"
    object-assign "^4.1.1"
    prop-types "^15.6.2"

"safer-buffer@>= 2.1.2 < 3.0.0":
  version "2.1.2"
  resolved "https://artifactory.palantir.build/artifactory/api/npm/all-npm/safer-buffer/-/safer-buffer-2.1.2.tgz#44fa161b0187b9549dd84bb91802f9bd8385cd6a"
  integrity sha1-RPoWGwGHuVSd2Eu5GAL5vYOFzWo=

scheduler@^0.19.1:
  version "0.19.1"
  resolved "https://artifactory.palantir.build/artifactory/api/npm/all-npm/scheduler/-/scheduler-0.19.1.tgz#4f3e2ed2c1a7d65681f4c854fa8c5a1ccb40f196"
  integrity sha1-Tz4u0sGn1laB9MhU+oxaHMtA8ZY=
  dependencies:
    loose-envify "^1.1.0"
    object-assign "^4.1.1"

setimmediate@^1.0.5:
  version "1.0.5"
  resolved "https://artifactory.palantir.build/artifactory/api/npm/all-npm/setimmediate/-/setimmediate-1.0.5.tgz#290cbb232e306942d7d7ea9b83732ab7856f8285"
  integrity sha1-KQy7Iy4waULX1+qbg3Mqt4VvgoU=

tether@^1.4:
  version "1.4.7"
  resolved "https://artifactory.palantir.build/artifactory/api/npm/all-npm/tether/-/tether-1.4.7.tgz#d56a818590d8fe72e387f77a67f93ab96d8e1fb2"
  integrity sha1-1WqBhZDY/nLjh/d6Z/k6uW2OH7I=

tslib@^1.5.0:
  version "1.14.1"
  resolved "https://artifactory.palantir.build/artifactory/api/npm/all-npm/tslib/-/tslib-1.14.1.tgz#cf2d38bdc34a134bcaf1091c41f6619e2f672d00"
  integrity sha1-zy04vcNKE0vK8QkcQfZhni9nLQA=

typescript@~4.1.0:
  version "4.1.3"
  resolved "https://artifactory.palantir.build/artifactory/api/npm/all-npm/typescript/-/typescript-4.1.3.tgz#519d582bd94cba0cf8934c7d8e8467e473f53bb7"
  integrity sha1-UZ1YK9lMugz4k0x9joRn5HP1O7c=

ua-parser-js@^0.7.18:
  version "0.7.23"
  resolved "https://artifactory.palantir.build/artifactory/api/npm/all-npm/ua-parser-js/-/ua-parser-js-0.7.23.tgz#704d67f951e13195fbcd3d78818577f5bc1d547b"
  integrity sha1-cE1n+VHhMZX7zT14gYV39bwdVHs=

whatwg-fetch@>=0.10.0:
  version "3.5.0"
  resolved "https://artifactory.palantir.build/artifactory/api/npm/all-npm/whatwg-fetch/-/whatwg-fetch-3.5.0.tgz#605a2cd0a7146e5db141e29d1c62ab84c0c4c868"
  integrity sha1-YFos0KcUbl2xQeKdHGKrhMDEyGg=
